
Microsoft Visual Studio Solution File, Format Version 12.00
# Visual Studio 15
VisualStudioVersion = 15.0.27428.2011
MinimumVisualStudioVersion = 10.0.40219.1
Project("{8BC9CEB8-8B4A-11D0-8D11-00A0C91BC942}") = "B", "B\B.vcxproj", "{B53C2F85-0376-4E19-884E-8AFC2671BCC9}"
EndProject
Global
	GlobalSection(SolutionConfigurationPlatforms) = preSolution
		Debug|x64 = Debug|x64
		Debug|x86 = Debug|x86
		Release|x64 = Release|x64
		Release|x86 = Release|x86
	EndGlobalSection
	GlobalSection(ProjectConfigurationPlatforms) = postSolution
		{B53C2F85-0376-4E19-884E-8AFC2671BCC9}.Debug|x64.ActiveCfg = Debug|x64
		{B53C2F85-0376-4E19-884E-8AFC2671BCC9}.Debug|x64.Build.0 = Debug|x64
		{B53C2F85-0376-4E19-884E-8AFC2671BCC9}.Debug|x86.ActiveCfg = Debug|Win32
		{B53C2F85-0376-4E19-884E-8AFC2671BCC9}.Debug|x86.Build.0 = Debug|Win32
		{B53C2F85-0376-4E19-884E-8AFC2671BCC9}.Release|x64.ActiveCfg = Release|x64
		{B53C2F85-0376-4E19-884E-8AFC2671BCC9}.Release|x64.Build.0 = Release|x64
		{B53C2F85-0376-4E19-884E-8AFC2671BCC9}.Release|x86.ActiveCfg = Release|Win32
		{B53C2F85-0376-4E19-884E-8AFC2671BCC9}.Release|x86.Build.0 = Release|Win32
	EndGlobalSection
	GlobalSection(SolutionProperties) = preSolution
		HideSolutionNode = FALSE
	EndGlobalSection
	GlobalSection(ExtensibilityGlobals) = postSolution
		SolutionGuid = {5CF121BD-2872-4BFB-A4D7-FF6869714666}
	EndGlobalSection
EndGlobal
