
Microsoft Visual Studio Solution File, Format Version 12.00
# Visual Studio 15
VisualStudioVersion = 15.0.27428.2011
MinimumVisualStudioVersion = 10.0.40219.1
Project("{8BC9CEB8-8B4A-11D0-8D11-00A0C91BC942}") = "A", "A\A.vcxproj", "{37DED3FC-EE0B-4C08-ADEF-AB762EF5B939}"
EndProject
Global
	GlobalSection(SolutionConfigurationPlatforms) = preSolution
		Debug|x64 = Debug|x64
		Debug|x86 = Debug|x86
		Release|x64 = Release|x64
		Release|x86 = Release|x86
	EndGlobalSection
	GlobalSection(ProjectConfigurationPlatforms) = postSolution
		{37DED3FC-EE0B-4C08-ADEF-AB762EF5B939}.Debug|x64.ActiveCfg = Debug|x64
		{37DED3FC-EE0B-4C08-ADEF-AB762EF5B939}.Debug|x64.Build.0 = Debug|x64
		{37DED3FC-EE0B-4C08-ADEF-AB762EF5B939}.Debug|x86.ActiveCfg = Debug|Win32
		{37DED3FC-EE0B-4C08-ADEF-AB762EF5B939}.Debug|x86.Build.0 = Debug|Win32
		{37DED3FC-EE0B-4C08-ADEF-AB762EF5B939}.Release|x64.ActiveCfg = Release|x64
		{37DED3FC-EE0B-4C08-ADEF-AB762EF5B939}.Release|x64.Build.0 = Release|x64
		{37DED3FC-EE0B-4C08-ADEF-AB762EF5B939}.Release|x86.ActiveCfg = Release|Win32
		{37DED3FC-EE0B-4C08-ADEF-AB762EF5B939}.Release|x86.Build.0 = Release|Win32
	EndGlobalSection
	GlobalSection(SolutionProperties) = preSolution
		HideSolutionNode = FALSE
	EndGlobalSection
	GlobalSection(ExtensibilityGlobals) = postSolution
		SolutionGuid = {3123C40C-21C2-46EC-8F03-24C93D21830A}
	EndGlobalSection
EndGlobal
