
Microsoft Visual Studio Solution File, Format Version 12.00
# Visual Studio 14
VisualStudioVersion = 14.0.25420.1
MinimumVisualStudioVersion = 10.0.40219.1
Project("{8BC9CEB8-8B4A-11D0-8D11-00A0C91BC942}") = "recount", "recount\recount.vcxproj", "{E0C0EEC7-9BC7-4A59-B354-A28419FE9428}"
EndProject
Global
	GlobalSection(SolutionConfigurationPlatforms) = preSolution
		Debug|x64 = Debug|x64
		Debug|x86 = Debug|x86
		Release|x64 = Release|x64
		Release|x86 = Release|x86
	EndGlobalSection
	GlobalSection(ProjectConfigurationPlatforms) = postSolution
		{E0C0EEC7-9BC7-4A59-B354-A28419FE9428}.Debug|x64.ActiveCfg = Debug|x64
		{E0C0EEC7-9BC7-4A59-B354-A28419FE9428}.Debug|x64.Build.0 = Debug|x64
		{E0C0EEC7-9BC7-4A59-B354-A28419FE9428}.Debug|x86.ActiveCfg = Debug|Win32
		{E0C0EEC7-9BC7-4A59-B354-A28419FE9428}.Debug|x86.Build.0 = Debug|Win32
		{E0C0EEC7-9BC7-4A59-B354-A28419FE9428}.Release|x64.ActiveCfg = Release|x64
		{E0C0EEC7-9BC7-4A59-B354-A28419FE9428}.Release|x64.Build.0 = Release|x64
		{E0C0EEC7-9BC7-4A59-B354-A28419FE9428}.Release|x86.ActiveCfg = Release|Win32
		{E0C0EEC7-9BC7-4A59-B354-A28419FE9428}.Release|x86.Build.0 = Release|Win32
	EndGlobalSection
	GlobalSection(SolutionProperties) = preSolution
		HideSolutionNode = FALSE
	EndGlobalSection
EndGlobal
