
Microsoft Visual Studio Solution File, Format Version 12.00
# Visual Studio 15
VisualStudioVersion = 15.0.27428.2011
MinimumVisualStudioVersion = 10.0.40219.1
Project("{8BC9CEB8-8B4A-11D0-8D11-00A0C91BC942}") = "D", "D\D.vcxproj", "{BAB23353-4903-4817-8E77-73DD12147218}"
EndProject
Global
	GlobalSection(SolutionConfigurationPlatforms) = preSolution
		Debug|x64 = Debug|x64
		Debug|x86 = Debug|x86
		Release|x64 = Release|x64
		Release|x86 = Release|x86
	EndGlobalSection
	GlobalSection(ProjectConfigurationPlatforms) = postSolution
		{BAB23353-4903-4817-8E77-73DD12147218}.Debug|x64.ActiveCfg = Debug|x64
		{BAB23353-4903-4817-8E77-73DD12147218}.Debug|x64.Build.0 = Debug|x64
		{BAB23353-4903-4817-8E77-73DD12147218}.Debug|x86.ActiveCfg = Debug|Win32
		{BAB23353-4903-4817-8E77-73DD12147218}.Debug|x86.Build.0 = Debug|Win32
		{BAB23353-4903-4817-8E77-73DD12147218}.Release|x64.ActiveCfg = Release|x64
		{BAB23353-4903-4817-8E77-73DD12147218}.Release|x64.Build.0 = Release|x64
		{BAB23353-4903-4817-8E77-73DD12147218}.Release|x86.ActiveCfg = Release|Win32
		{BAB23353-4903-4817-8E77-73DD12147218}.Release|x86.Build.0 = Release|Win32
	EndGlobalSection
	GlobalSection(SolutionProperties) = preSolution
		HideSolutionNode = FALSE
	EndGlobalSection
	GlobalSection(ExtensibilityGlobals) = postSolution
		SolutionGuid = {6D2230A8-1B7B-4DFC-ACB6-023289D09940}
	EndGlobalSection
EndGlobal
